{
  "name": "demo-nfce-linux",
  "version": "1.0.0",
  "lockfileVersion": 3,
  "requires": true,
  "packages": {
    "": {
      "name": "demo-nfce-linux",
      "version": "1.0.0",
      "license": "ISC",
      "dependencies": {
        "componente-nfce-sdk": "file:componente-nfce-sdk-1.0.0.tgz"
      }
    },
    "node_modules/componente-nfce-sdk": {
      "version": "1.0.0",
      "resolved": "file:componente-nfce-sdk-1.0.0.tgz",
      "integrity": "sha512-2nFLUal92wztruw9WxXbxwbuBvfvVnD4IjHBkDqCkyraut6lPy07ho5V2Gc6O4I6cJRB0zzNRPc1PeXcapf7zg==",
      "license": "ISC"
    }
  }
}
